
Microsoft Visual Studio Solution File, Format Version 12.00
# Visual Studio Version 16
VisualStudioVersion = 16.0.31424.327
MinimumVisualStudioVersion = 10.0.40219.1
Project("{FAE04EC0-301F-11D3-BF4B-00C04F79EFBC}") = "app1", "app1\app1.csproj", "{D7F54C80-CF23-4C03-B647-314ECF88CB09}"
EndProject
Global
	GlobalSection(SolutionConfigurationPlatforms) = preSolution
		Debug|Any CPU = Debug|Any CPU
		Release|Any CPU = Release|Any CPU
	EndGlobalSection
	GlobalSection(ProjectConfigurationPlatforms) = postSolution
		{D7F54C80-CF23-4C03-B647-314ECF88CB09}.Debug|Any CPU.ActiveCfg = Debug|Any CPU
		{D7F54C80-CF23-4C03-B647-314ECF88CB09}.Debug|Any CPU.Build.0 = Debug|Any CPU
		{D7F54C80-CF23-4C03-B647-314ECF88CB09}.Release|Any CPU.ActiveCfg = Release|Any CPU
		{D7F54C80-CF23-4C03-B647-314ECF88CB09}.Release|Any CPU.Build.0 = Release|Any CPU
	EndGlobalSection
	GlobalSection(SolutionProperties) = preSolution
		HideSolutionNode = FALSE
	EndGlobalSection
	GlobalSection(ExtensibilityGlobals) = postSolution
		SolutionGuid = {FE098F7F-711D-40BA-8439-1331E9843324}
	EndGlobalSection
EndGlobal
